
Microsoft Visual Studio Solution File, Format Version 12.00
# Visual Studio 15
VisualStudioVersion = 15.0.27703.2018
MinimumVisualStudioVersion = 10.0.40219.1
Project("{FAE04EC0-301F-11D3-BF4B-00C04F79EFBC}") = "sqldoc", "sqldoc.csproj", "{88B241E9-D3FD-40BD-A755-F113399812F1}"
EndProject
Project("{FAE04EC0-301F-11D3-BF4B-00C04F79EFBC}") = "Tests", "tests\Tests.csproj", "{27F6831B-B2FB-4B5A-B27C-CAA3B667D07B}"
EndProject
Global
	GlobalSection(SolutionConfigurationPlatforms) = preSolution
		Debug|Any CPU = Debug|Any CPU
		Release|Any CPU = Release|Any CPU
	EndGlobalSection
	GlobalSection(ProjectConfigurationPlatforms) = postSolution
		{88B241E9-D3FD-40BD-A755-F113399812F1}.Debug|Any CPU.ActiveCfg = Debug|Any CPU
		{88B241E9-D3FD-40BD-A755-F113399812F1}.Debug|Any CPU.Build.0 = Debug|Any CPU
		{88B241E9-D3FD-40BD-A755-F113399812F1}.Release|Any CPU.ActiveCfg = Release|Any CPU
		{88B241E9-D3FD-40BD-A755-F113399812F1}.Release|Any CPU.Build.0 = Release|Any CPU
		{27F6831B-B2FB-4B5A-B27C-CAA3B667D07B}.Debug|Any CPU.ActiveCfg = Debug|Any CPU
		{27F6831B-B2FB-4B5A-B27C-CAA3B667D07B}.Debug|Any CPU.Build.0 = Debug|Any CPU
		{27F6831B-B2FB-4B5A-B27C-CAA3B667D07B}.Release|Any CPU.ActiveCfg = Release|Any CPU
		{27F6831B-B2FB-4B5A-B27C-CAA3B667D07B}.Release|Any CPU.Build.0 = Release|Any CPU
	EndGlobalSection
	GlobalSection(SolutionProperties) = preSolution
		HideSolutionNode = FALSE
	EndGlobalSection
	GlobalSection(ExtensibilityGlobals) = postSolution
		SolutionGuid = {ADC3AA58-6656-4102-B9C3-7441EF15F150}
	EndGlobalSection
EndGlobal
